<?xml version="1.0" encoding="utf-8"?>
<Project ToolsVersion="4.0" xmlns="http://schemas.microsoft.com/developer/msbuild/2003">
  <ItemGroup>
    <Filter Include="源文件">
      <UniqueIdentifier>{4FC737F1-C7A5-4376-A066-2A32D752A2FF}</UniqueIdentifier>
      <Extensions>cpp;c;cc;cxx;def;odl;idl;hpj;bat;asm;asmx</Extensions>
    </Filter>
    <Filter Include="头文件">
      <UniqueIdentifier>{93995380-89BD-4b04-88EB-625FBE52EBFB}</UniqueIdentifier>
      <Extensions>h;hpp;hxx;hm;inl;inc;xsd</Extensions>
    </Filter>
    <Filter Include="资源文件">
      <UniqueIdentifier>{67DA6AB6-F800-4c08-8B7A-83BB121AAD01}</UniqueIdentifier>
      <Extensions>rc;ico;cur;bmp;dlg;rc2;rct;bin;rgs;gif;jpg;jpeg;jpe;resx;tiff;tif;png;wav;mfcribbon-ms</Extensions>
    </Filter>
    <Filter Include="源文件\texture_editor">
      <UniqueIdentifier>{11a20d50-6399-4c77-b532-20e4f0d9c572}</UniqueIdentifier>
    </Filter>
    <Filter Include="源文件\ui">
      <UniqueIdentifier>{daaaf7cd-5feb-4bc5-81a7-88987e9e579c}</UniqueIdentifier>
    </Filter>
    <Filter Include="源文件\model">
      <UniqueIdentifier>{892dd088-074a-4301-9675-45d51bb69230}</UniqueIdentifier>
    </Filter>
    <Filter Include="源文件\text">
      <UniqueIdentifier>{b08bb0b0-4708-4a0b-a1e6-1a5cbcd17de8}</UniqueIdentifier>
    </Filter>
    <Filter Include="源文件\light">
      <UniqueIdentifier>{23619694-d6a3-4661-a7c9-9d5dac7eabea}</UniqueIdentifier>
    </Filter>
    <Filter Include="源文件\camera">
      <UniqueIdentifier>{b2193b4b-3056-44e7-9e5b-cc2015e10589}</UniqueIdentifier>
    </Filter>
    <Filter Include="源文件\config">
      <UniqueIdentifier>{3e2a868b-998c-4943-85ea-04dc52c473c2}</UniqueIdentifier>
    </Filter>
    <Filter Include="源文件\debug_monitor">
      <UniqueIdentifier>{9d72f4a4-4a1a-4b39-8830-4b267412d765}</UniqueIdentifier>
    </Filter>
    <Filter Include="源文件\sprite">
      <UniqueIdentifier>{0d8add87-8b51-4355-8daa-a89bf495e50a}</UniqueIdentifier>
    </Filter>
  </ItemGroup>
  <ItemGroup>
    <ClCompile Include="dxdemo.cpp">
      <Filter>源文件</Filter>
    </ClCompile>
    <ClCompile Include="manager.cpp">
      <Filter>源文件</Filter>
    </ClCompile>
    <ClCompile Include="event_handle_base.h">
      <Filter>源文件</Filter>
    </ClCompile>
    <ClCompile Include="texture_editor\texture_editor.cpp">
      <Filter>源文件\texture_editor</Filter>
    </ClCompile>
    <ClCompile Include="texture_editor\texture_display_board.cpp">
      <Filter>源文件\texture_editor</Filter>
    </ClCompile>
    <ClCompile Include="ui\ui_base.cpp">
      <Filter>源文件\ui</Filter>
    </ClCompile>
    <ClCompile Include="model\model.cpp">
      <Filter>源文件\model</Filter>
    </ClCompile>
    <ClCompile Include="model\model_material.cpp">
      <Filter>源文件\model</Filter>
    </ClCompile>
    <ClCompile Include="model\model_material_texture.cpp">
      <Filter>源文件\model</Filter>
    </ClCompile>
    <ClCompile Include="model\model_material_texture_alpha.cpp">
      <Filter>源文件\model</Filter>
    </ClCompile>
    <ClCompile Include="model\terrain.cpp">
      <Filter>源文件\model</Filter>
    </ClCompile>
    <ClCompile Include="light\light.cpp">
      <Filter>源文件\light</Filter>
    </ClCompile>
    <ClCompile Include="light\light_point.cpp">
      <Filter>源文件\light</Filter>
    </ClCompile>
    <ClCompile Include="debug_monitor\global_debug_board.cpp">
      <Filter>源文件\debug_monitor</Filter>
    </ClCompile>
    <ClCompile Include="debug_monitor\global_monitor.cpp">
      <Filter>源文件\debug_monitor</Filter>
    </ClCompile>
    <ClCompile Include="debug_monitor\global_monitor_fps.cpp">
      <Filter>源文件\debug_monitor</Filter>
    </ClCompile>
    <ClCompile Include="config\config.cpp">
      <Filter>源文件\config</Filter>
    </ClCompile>
    <ClCompile Include="camera\camera.cpp">
      <Filter>源文件\camera</Filter>
    </ClCompile>
    <ClCompile Include="camera\camera_simple_move.cpp">
      <Filter>源文件\camera</Filter>
    </ClCompile>
    <ClCompile Include="text\textfont.cpp">
      <Filter>源文件\text</Filter>
    </ClCompile>
    <ClCompile Include="text\textmesh.cpp">
      <Filter>源文件\text</Filter>
    </ClCompile>
    <ClCompile Include="sprite\sprite.cpp">
      <Filter>源文件\sprite</Filter>
    </ClCompile>
  </ItemGroup>
  <ItemGroup>
    <ClInclude Include="manager.h">
      <Filter>源文件</Filter>
    </ClInclude>
    <ClInclude Include="render_object_base.h">
      <Filter>源文件</Filter>
    </ClInclude>
    <ClInclude Include="texture_editor\texture_editor.h">
      <Filter>源文件\texture_editor</Filter>
    </ClInclude>
    <ClInclude Include="texture_editor\texture_display_board.h">
      <Filter>源文件\texture_editor</Filter>
    </ClInclude>
    <ClInclude Include="ui\ui_base.h">
      <Filter>源文件\ui</Filter>
    </ClInclude>
    <ClInclude Include="update_base.h">
      <Filter>源文件</Filter>
    </ClInclude>
    <ClInclude Include="model\mesh_factory.h">
      <Filter>源文件\model</Filter>
    </ClInclude>
    <ClInclude Include="model\model.h">
      <Filter>源文件\model</Filter>
    </ClInclude>
    <ClInclude Include="model\model_material.h">
      <Filter>源文件\model</Filter>
    </ClInclude>
    <ClInclude Include="model\model_material_texture.h">
      <Filter>源文件\model</Filter>
    </ClInclude>
    <ClInclude Include="model\model_material_texture_alpha.h">
      <Filter>源文件\model</Filter>
    </ClInclude>
    <ClInclude Include="model\terrain.h">
      <Filter>源文件\model</Filter>
    </ClInclude>
    <ClInclude Include="light\light.h">
      <Filter>源文件\light</Filter>
    </ClInclude>
    <ClInclude Include="light\light_point.h">
      <Filter>源文件\light</Filter>
    </ClInclude>
    <ClInclude Include="debug_monitor\global_debug_board.h">
      <Filter>源文件\debug_monitor</Filter>
    </ClInclude>
    <ClInclude Include="debug_monitor\global_monitor.h">
      <Filter>源文件\debug_monitor</Filter>
    </ClInclude>
    <ClInclude Include="debug_monitor\global_monitor_fps.h">
      <Filter>源文件\debug_monitor</Filter>
    </ClInclude>
    <ClInclude Include="config\config.h">
      <Filter>源文件\config</Filter>
    </ClInclude>
    <ClInclude Include="camera\camera.h">
      <Filter>源文件\camera</Filter>
    </ClInclude>
    <ClInclude Include="camera\camera_simple_move.h">
      <Filter>源文件\camera</Filter>
    </ClInclude>
    <ClInclude Include="text\textfont.h">
      <Filter>源文件\text</Filter>
    </ClInclude>
    <ClInclude Include="text\textmesh.h">
      <Filter>源文件\text</Filter>
    </ClInclude>
    <ClInclude Include="sprite\sprite.h">
      <Filter>源文件\sprite</Filter>
    </ClInclude>
  </ItemGroup>
</Project>